// !$*UTF8*$!
{
	archiveVersion = 1;
	classes = {
	};
	objectVersion = 50;
	objects = {

/* Begin PBXBuildFile section */
		750F70CD25D27EDF00DE65B9 /* AppDelegate.swift in Sources */ = {isa = PBXBuildFile; fileRef = 750F70CC25D27EDF00DE65B9 /* AppDelegate.swift */; };
		750F70CF25D27EDF00DE65B9 /* SceneDelegate.swift in Sources */ = {isa = PBXBuildFile; fileRef = 750F70CE25D27EDF00DE65B9 /* SceneDelegate.swift */; };
		750F70D125D27EDF00DE65B9 /* ListTableViewController.swift in Sources */ = {isa = PBXBuildFile; fileRef = 750F70D025D27EDF00DE65B9 /* ListTableViewController.swift */; };
		750F70D425D27EDF00DE65B9 /* Main.storyboard in Resources */ = {isa = PBXBuildFile; fileRef = 750F70D225D27EDF00DE65B9 /* Main.storyboard */; };
		750F70D625D27EE300DE65B9 /* Assets.xcassets in Resources */ = {isa = PBXBuildFile; fileRef = 750F70D525D27EE300DE65B9 /* Assets.xcassets */; };
		750F70D925D27EE300DE65B9 /* LaunchScreen.storyboard in Resources */ = {isa = PBXBuildFile; fileRef = 750F70D725D27EE300DE65B9 /* LaunchScreen.storyboard */; };
		751F70D125D40D4E00AB023A /* ParallaxCell.swift in Sources */ = {isa = PBXBuildFile; fileRef = 751F70D025D40D4E00AB023A /* ParallaxCell.swift */; };
		751F70D525D40F6A00AB023A /* Images+Names.swift in Sources */ = {isa = PBXBuildFile; fileRef = 751F70D425D40F6A00AB023A /* Images+Names.swift */; };
/* End PBXBuildFile section */

/* Begin PBXFileReference section */
		750F70C925D27EDF00DE65B9 /* Parallax-UD.app */ = {isa = PBXFileReference; explicitFileType = wrapper.application; includeInIndex = 0; path = "Parallax-UD.app"; sourceTree = BUILT_PRODUCTS_DIR; };
		750F70CC25D27EDF00DE65B9 /* AppDelegate.swift */ = {isa = PBXFileReference; lastKnownFileType = sourcecode.swift; path = AppDelegate.swift; sourceTree = "<group>"; };
		750F70CE25D27EDF00DE65B9 /* SceneDelegate.swift */ = {isa = PBXFileReference; lastKnownFileType = sourcecode.swift; path = SceneDelegate.swift; sourceTree = "<group>"; };
		750F70D025D27EDF00DE65B9 /* ListTableViewController.swift */ = {isa = PBXFileReference; lastKnownFileType = sourcecode.swift; path = ListTableViewController.swift; sourceTree = "<group>"; };
		750F70D325D27EDF00DE65B9 /* Base */ = {isa = PBXFileReference; lastKnownFileType = file.storyboard; name = Base; path = Base.lproj/Main.storyboard; sourceTree = "<group>"; };
		750F70D525D27EE300DE65B9 /* Assets.xcassets */ = {isa = PBXFileReference; lastKnownFileType = folder.assetcatalog; path = Assets.xcassets; sourceTree = "<group>"; };
		750F70D825D27EE300DE65B9 /* Base */ = {isa = PBXFileReference; lastKnownFileType = file.storyboard; name = Base; path = Base.lproj/LaunchScreen.storyboard; sourceTree = "<group>"; };
		750F70DA25D27EE300DE65B9 /* Info.plist */ = {isa = PBXFileReference; lastKnownFileType = text.plist.xml; path = Info.plist; sourceTree = "<group>"; };
		751F70D025D40D4E00AB023A /* ParallaxCell.swift */ = {isa = PBXFileReference; lastKnownFileType = sourcecode.swift; path = ParallaxCell.swift; sourceTree = "<group>"; };
		751F70D425D40F6A00AB023A /* Images+Names.swift */ = {isa = PBXFileReference; lastKnownFileType = sourcecode.swift; path = "Images+Names.swift"; sourceTree = "<group>"; };
/* End PBXFileReference section */

/* Begin PBXFrameworksBuildPhase section */
		750F70C625D27EDF00DE65B9 /* Frameworks */ = {
			isa = PBXFrameworksBuildPhase;
			buildActionMask = 2147483647;
			files = (
			);
			runOnlyForDeploymentPostprocessing = 0;
		};
/* End PBXFrameworksBuildPhase section */

/* Begin PBXGroup section */
		750F70C025D27EDF00DE65B9 = {
			isa = PBXGroup;
			children = (
				750F70CB25D27EDF00DE65B9 /* Parallax-UD */,
				750F70CA25D27EDF00DE65B9 /* Products */,
			);
			sourceTree = "<group>";
		};
		750F70CA25D27EDF00DE65B9 /* Products */ = {
			isa = PBXGroup;
			children = (
				750F70C925D27EDF00DE65B9 /* Parallax-UD.app */,
			);
			name = Products;
			sourceTree = "<group>";
		};
		750F70CB25D27EDF00DE65B9 /* Parallax-UD */ = {
			isa = PBXGroup;
			children = (
				751F70CF25D40D1A00AB023A /* View */,
				751F70CE25D40D1100AB023A /* Controller */,
				750F70CC25D27EDF00DE65B9 /* AppDelegate.swift */,
				750F70CE25D27EDF00DE65B9 /* SceneDelegate.swift */,
				750F70D225D27EDF00DE65B9 /* Main.storyboard */,
				750F70D525D27EE300DE65B9 /* Assets.xcassets */,
				750F70D725D27EE300DE65B9 /* LaunchScreen.storyboard */,
				750F70DA25D27EE300DE65B9 /* Info.plist */,
				751F70D425D40F6A00AB023A /* Images+Names.swift */,
			);
			path = "Parallax-UD";
			sourceTree = "<group>";
		};
		751F70CE25D40D1100AB023A /* Controller */ = {
			isa = PBXGroup;
			children = (
				750F70D025D27EDF00DE65B9 /* ListTableViewController.swift */,
			);
			path = Controller;
			sourceTree = "<group>";
		};
		751F70CF25D40D1A00AB023A /* View */ = {
			isa = PBXGroup;
			children = (
				751F70D025D40D4E00AB023A /* ParallaxCell.swift */,
			);
			path = View;
			sourceTree = "<group>";
		};
/* End PBXGroup section */

/* Begin PBXNativeTarget section */
		750F70C825D27EDF00DE65B9 /* Parallax-UD */ = {
			isa = PBXNativeTarget;
			buildConfigurationList = 750F70DD25D27EE300DE65B9 /* Build configuration list for PBXNativeTarget "Parallax-UD" */;
			buildPhases = (
				750F70C525D27EDF00DE65B9 /* Sources */,
				750F70C625D27EDF00DE65B9 /* Frameworks */,
				750F70C725D27EDF00DE65B9 /* Resources */,
			);
			buildRules = (
			);
			dependencies = (
			);
			name = "Parallax-UD";
			productName = "Parallax-UD";
			productReference = 750F70C925D27EDF00DE65B9 /* Parallax-UD.app */;
			productType = "com.apple.product-type.application";
		};
/* End PBXNativeTarget section */

/* Begin PBXProject section */
		750F70C125D27EDF00DE65B9 /* Project object */ = {
			isa = PBXProject;
			attributes = {
				LastSwiftUpdateCheck = 1240;
				LastUpgradeCheck = 1240;
				TargetAttributes = {
					750F70C825D27EDF00DE65B9 = {
						CreatedOnToolsVersion = 12.4;
					};
				};
			};
			buildConfigurationList = 750F70C425D27EDF00DE65B9 /* Build configuration list for PBXProject "Parallax-UD" */;
			compatibilityVersion = "Xcode 9.3";
			developmentRegion = en;
			hasScannedForEncodings = 0;
			knownRegions = (
				en,
				Base,
			);
			mainGroup = 750F70C025D27EDF00DE65B9;
			productRefGroup = 750F70CA25D27EDF00DE65B9 /* Products */;
			projectDirPath = "";
			projectRoot = "";
			targets = (
				750F70C825D27EDF00DE65B9 /* Parallax-UD */,
			);
		};
/* End PBXProject section */

/* Begin PBXResourcesBuildPhase section */
		750F70C725D27EDF00DE65B9 /* Resources */ = {
			isa = PBXResourcesBuildPhase;
			buildActionMask = 2147483647;
			files = (
				750F70D925D27EE300DE65B9 /* LaunchScreen.storyboard in Resources */,
				750F70D625D27EE300DE65B9 /* Assets.xcassets in Resources */,
				750F70D425D27EDF00DE65B9 /* Main.storyboard in Resources */,
			);
			runOnlyForDeploymentPostprocessing = 0;
		};
/* End PBXResourcesBuildPhase section */

/* Begin PBXSourcesBuildPhase section */
		750F70C525D27EDF00DE65B9 /* Sources */ = {
			isa = PBXSourcesBuildPhase;
			buildActionMask = 2147483647;
			files = (
				750F70D125D27EDF00DE65B9 /* ListTableViewController.swift in Sources */,
				750F70CD25D27EDF00DE65B9 /* AppDelegate.swift in Sources */,
				751F70D125D40D4E00AB023A /* ParallaxCell.swift in Sources */,
				751F70D525D40F6A00AB023A /* Images+Names.swift in Sources */,
				750F70CF25D27EDF00DE65B9 /* SceneDelegate.swift in Sources */,
			);
			runOnlyForDeploymentPostprocessing = 0;
		};
/* End PBXSourcesBuildPhase section */

/* Begin PBXVariantGroup section */
		750F70D225D27EDF00DE65B9 /* Main.storyboard */ = {
			isa = PBXVariantGroup;
			children = (
				750F70D325D27EDF00DE65B9 /* Base */,
			);
			name = Main.storyboard;
			sourceTree = "<group>";
		};
		750F70D725D27EE300DE65B9 /* LaunchScreen.storyboard */ = {
			isa = PBXVariantGroup;
			children = (
				750F70D825D27EE300DE65B9 /* Base */,
			);
			name = LaunchScreen.storyboard;
			sourceTree = "<group>";
		};
/* End PBXVariantGroup section */

/* Begin XCBuildConfiguration section */
		750F70DB25D27EE300DE65B9 /* Debug */ = {
			isa = XCBuildConfiguration;
			buildSettings = {
				ALWAYS_SEARCH_USER_PATHS = NO;
				CLANG_ANALYZER_NONNULL = YES;
				CLANG_ANALYZER_NUMBER_OBJECT_CONVERSION = YES_AGGRESSIVE;
				CLANG_CXX_LANGUAGE_STANDARD = "gnu++14";
				CLANG_CXX_LIBRARY = "libc++";
				CLANG_ENABLE_MODULES = YES;
				CLANG_ENABLE_OBJC_ARC = YES;
				CLANG_ENABLE_OBJC_WEAK = YES;
				CLANG_WARN_BLOCK_CAPTURE_AUTORELEASING = YES;
				CLANG_WARN_BOOL_CONVERSION = YES;
				CLANG_WARN_COMMA = YES;
				CLANG_WARN_CONSTANT_CONVERSION = YES;
				CLANG_WARN_DEPRECATED_OBJC_IMPLEMENTATIONS = YES;
				CLANG_WARN_DIRECT_OBJC_ISA_USAGE = YES_ERROR;
				CLANG_WARN_DOCUMENTATION_COMMENTS = YES;
				CLANG_WARN_EMPTY_BODY = YES;
				CLANG_WARN_ENUM_CONVERSION = YES;
				CLANG_WARN_INFINITE_RECURSION = YES;
				CLANG_WARN_INT_CONVERSION = YES;
				CLANG_WARN_NON_LITERAL_NULL_CONVERSION = YES;
				CLANG_WARN_OBJC_IMPLICIT_RETAIN_SELF = YES;
				CLANG_WARN_OBJC_LITERAL_CONVERSION = YES;
				CLANG_WARN_OBJC_ROOT_CLASS = YES_ERROR;
				CLANG_WARN_QUOTED_INCLUDE_IN_FRAMEWORK_HEADER = YES;
				CLANG_WARN_RANGE_LOOP_ANALYSIS = YES;
				CLANG_WARN_STRICT_PROTOTYPES = YES;
				CLANG_WARN_SUSPICIOUS_MOVE = YES;
				CLANG_WARN_UNGUARDED_AVAILABILITY = YES_AGGRESSIVE;
				CLANG_WARN_UNREACHABLE_CODE = YES;
				CLANG_WARN__DUPLICATE_METHOD_MATCH = YES;
				COPY_PHASE_STRIP = NO;
				DEBUG_INFORMATION_FORMAT = dwarf;
				ENABLE_STRICT_OBJC_MSGSEND = YES;
				ENABLE_TESTABILITY = YES;
				GCC_C_LANGUAGE_STANDARD = gnu11;
				GCC_DYNAMIC_NO_PIC = NO;
				GCC_NO_COMMON_BLOCKS = YES;
				GCC_OPTIMIZATION_LEVEL = 0;
				GCC_PREPROCESSOR_DEFINITIONS = (
					"DEBUG=1",
					"$(inherited)",
				);
				GCC_WARN_64_TO_32_BIT_CONVERSION = YES;
				GCC_WARN_ABOUT_RETURN_TYPE = YES_ERROR;
				GCC_WARN_UNDECLARED_SELECTOR = YES;
				GCC_WARN_UNINITIALIZED_AUTOS = YES_AGGRESSIVE;
				GCC_WARN_UNUSED_FUNCTION = YES;
				GCC_WARN_UNUSED_VARIABLE = YES;
				IPHONEOS_DEPLOYMENT_TARGET = 14.4;
				MTL_ENABLE_DEBUG_INFO = INCLUDE_SOURCE;
				MTL_FAST_MATH = YES;
				ONLY_ACTIVE_ARCH = YES;
				SDKROOT = iphoneos;
				SWIFT_ACTIVE_COMPILATION_CONDITIONS = DEBUG;
				SWIFT_OPTIMIZATION_LEVEL = "-Onone";
			};
			name = Debug;
		};
		750F70DC25D27EE300DE65B9 /* Release */ = {
			isa = XCBuildConfiguration;
			buildSettings = {
				ALWAYS_SEARCH_USER_PATHS = NO;
				CLANG_ANALYZER_NONNULL = YES;
				CLANG_ANALYZER_NUMBER_OBJECT_CONVERSION = YES_AGGRESSIVE;
				CLANG_CXX_LANGUAGE_STANDARD = "gnu++14";
				CLANG_CXX_LIBRARY = "libc++";
				CLANG_ENABLE_MODULES = YES;
				CLANG_ENABLE_OBJC_ARC = YES;
				CLANG_ENABLE_OBJC_WEAK = YES;
				CLANG_WARN_BLOCK_CAPTURE_AUTORELEASING = YES;
				CLANG_WARN_BOOL_CONVERSION = YES;
				CLANG_WARN_COMMA = YES;
				CLANG_WARN_CONSTANT_CONVERSION = YES;
				CLANG_WARN_DEPRECATED_OBJC_IMPLEMENTATIONS = YES;
				CLANG_WARN_DIRECT_OBJC_ISA_USAGE = YES_ERROR;
				CLANG_WARN_DOCUMENTATION_COMMENTS = YES;
				CLANG_WARN_EMPTY_BODY = YES;
				CLANG_WARN_ENUM_CONVERSION = YES;
				CLANG_WARN_INFINITE_RECURSION = YES;
				CLANG_WARN_INT_CONVERSION = YES;
				CLANG_WARN_NON_LITERAL_NULL_CONVERSION = YES;
				CLANG_WARN_OBJC_IMPLICIT_RETAIN_SELF = YES;
				CLANG_WARN_OBJC_LITERAL_CONVERSION = YES;
				CLANG_WARN_OBJC_ROOT_CLASS = YES_ERROR;
				CLANG_WARN_QUOTED_INCLUDE_IN_FRAMEWORK_HEADER = YES;
				CLANG_WARN_RANGE_LOOP_ANALYSIS = YES;
				CLANG_WARN_STRICT_PROTOTYPES = YES;
				CLANG_WARN_SUSPICIOUS_MOVE = YES;
				CLANG_WARN_UNGUARDED_AVAILABILITY = YES_AGGRESSIVE;
				CLANG_WARN_UNREACHABLE_CODE = YES;
				CLANG_WARN__DUPLICATE_METHOD_MATCH = YES;
				COPY_PHASE_STRIP = NO;
				DEBUG_INFORMATION_FORMAT = "dwarf-with-dsym";
				ENABLE_NS_ASSERTIONS = NO;
				ENABLE_STRICT_OBJC_MSGSEND = YES;
				GCC_C_LANGUAGE_STANDARD = gnu11;
				GCC_NO_COMMON_BLOCKS = YES;
				GCC_WARN_64_TO_32_BIT_CONVERSION = YES;
				GCC_WARN_ABOUT_RETURN_TYPE = YES_ERROR;
				GCC_WARN_UNDECLARED_SELECTOR = YES;
				GCC_WARN_UNINITIALIZED_AUTOS = YES_AGGRESSIVE;
				GCC_WARN_UNUSED_FUNCTION = YES;
				GCC_WARN_UNUSED_VARIABLE = YES;
				IPHONEOS_DEPLOYMENT_TARGET = 14.4;
				MTL_ENABLE_DEBUG_INFO = NO;
				MTL_FAST_MATH = YES;
				SDKROOT = iphoneos;
				SWIFT_COMPILATION_MODE = wholemodule;
				SWIFT_OPTIMIZATION_LEVEL = "-O";
				VALIDATE_PRODUCT = YES;
			};
			name = Release;
		};
		750F70DE25D27EE300DE65B9 /* Debug */ = {
			isa = XCBuildConfiguration;
			buildSettings = {
				ASSETCATALOG_COMPILER_APPICON_NAME = AppIcon;
				ASSETCATALOG_COMPILER_GLOBAL_ACCENT_COLOR_NAME = AccentColor;
				CODE_SIGN_STYLE = Automatic;
				DEVELOPMENT_TEAM = YV8PDCP6NZ;
				INFOPLIST_FILE = "Parallax-UD/Info.plist";
				LD_RUNPATH_SEARCH_PATHS = (
					"$(inherited)",
					"@executable_path/Frameworks",
				);
				PRODUCT_BUNDLE_IDENTIFIER = com.example.ParallaxUD;
				PRODUCT_NAME = "$(TARGET_NAME)";
				SWIFT_VERSION = 5.0;
				TARGETED_DEVICE_FAMILY = "1,2";
			};
			name = Debug;
		};
		750F70DF25D27EE300DE65B9 /* Release */ = {
			isa = XCBuildConfiguration;
			buildSettings = {
				ASSETCATALOG_COMPILER_APPICON_NAME = AppIcon;
				ASSETCATALOG_COMPILER_GLOBAL_ACCENT_COLOR_NAME = AccentColor;
				CODE_SIGN_STYLE = Automatic;
				DEVELOPMENT_TEAM = YV8PDCP6NZ;
				INFOPLIST_FILE = "Parallax-UD/Info.plist";
				LD_RUNPATH_SEARCH_PATHS = (
					"$(inherited)",
					"@executable_path/Frameworks",
				);
				PRODUCT_BUNDLE_IDENTIFIER = com.example.ParallaxUD;
				PRODUCT_NAME = "$(TARGET_NAME)";
				SWIFT_VERSION = 5.0;
				TARGETED_DEVICE_FAMILY = "1,2";
			};
			name = Release;
		};
/* End XCBuildConfiguration section */

/* Begin XCConfigurationList section */
		750F70C425D27EDF00DE65B9 /* Build configuration list for PBXProject "Parallax-UD" */ = {
			isa = XCConfigurationList;
			buildConfigurations = (
				750F70DB25D27EE300DE65B9 /* Debug */,
				750F70DC25D27EE300DE65B9 /* Release */,
			);
			defaultConfigurationIsVisible = 0;
			defaultConfigurationName = Release;
		};
		750F70DD25D27EE300DE65B9 /* Build configuration list for PBXNativeTarget "Parallax-UD" */ = {
			isa = XCConfigurationList;
			buildConfigurations = (
				750F70DE25D27EE300DE65B9 /* Debug */,
				750F70DF25D27EE300DE65B9 /* Release */,
			);
			defaultConfigurationIsVisible = 0;
			defaultConfigurationName = Release;
		};
/* End XCConfigurationList section */
	};
	rootObject = 750F70C125D27EDF00DE65B9 /* Project object */;
}
